dependencies:
- name: common
  repository: oci://registry-1.docker.io/bitnamicharts
  version: 2.41.0
- name: nectarlib
  repository: oci://registry.rc.nectar.org.au/nectar-helm
  version: 4.4.0
digest: sha256:ce9a150cb5caeab4bb0a4bd5b3f9ab56410b6062c2d4212bc46aed666a056ecc
generated: "2026-09-02T18:26:24.278726265Z"
