dependencies:
- name: common
  repository: oci://registry-1.docker.io/bitnamicharts
  version: 2.41.0
- name: nectarlib
  repository: oci://registry.rc.nectar.org.au/nectar-helm
  version: 4.3.0
digest: sha256:a5bccc4fee71ffc7c6508c3aad5c79e48ac0934123235a33d35249d9f1c2b20b
generated: "2026-08-10T04:25:17.509391489Z"
